
Microsoft Visual Studio Solution File, Format Version 12.00
# Visual Studio 2012
Project("{FAE04EC0-301F-11D3-BF4B-00C04F79EFBC}") = "SpatialNotificationServiceWS", "SpatialNotificationServiceWS\SpatialNotificationServiceWS.csproj", "{D1FFD620-52E6-4863-82FB-0F5852A0A58B}"
EndProject
Global
	GlobalSection(TeamFoundationVersionControl) = preSolution
		SccNumberOfProjects = 2
		SccEnterpriseProvider = {4CA58AB2-18FA-4F8D-95D4-32DDF27D184C}
		SccTeamFoundationServer = http://pstfsarr:8080/tfs/implementationservices
		SccLocalPath0 = .
		SccProjectUniqueName1 = SpatialNotificationServiceWS\\SpatialNotificationServiceWS.csproj
		SccProjectName1 = SpatialNotificationServiceWS
		SccLocalPath1 = SpatialNotificationServiceWS
	EndGlobalSection
	GlobalSection(SolutionConfigurationPlatforms) = preSolution
		Debug|Any CPU = Debug|Any CPU
		Release|Any CPU = Release|Any CPU
	EndGlobalSection
	GlobalSection(ProjectConfigurationPlatforms) = postSolution
		{D1FFD620-52E6-4863-82FB-0F5852A0A58B}.Debug|Any CPU.ActiveCfg = Debug|Any CPU
		{D1FFD620-52E6-4863-82FB-0F5852A0A58B}.Debug|Any CPU.Build.0 = Debug|Any CPU
		{D1FFD620-52E6-4863-82FB-0F5852A0A58B}.Release|Any CPU.ActiveCfg = Release|Any CPU
		{D1FFD620-52E6-4863-82FB-0F5852A0A58B}.Release|Any CPU.Build.0 = Release|Any CPU
	EndGlobalSection
	GlobalSection(SolutionProperties) = preSolution
		HideSolutionNode = FALSE
	EndGlobalSection
EndGlobal
