
Microsoft Visual Studio Solution File, Format Version 12.00
# Visual Studio 2012
Project("{FAE04EC0-301F-11D3-BF4B-00C04F79EFBC}") = "ClearAOI", "ClearAOI.csproj", "{952880F3-6C9E-4A60-BA70-8C0A6CF5FCCD}"
EndProject
Global
	GlobalSection(SolutionConfigurationPlatforms) = preSolution
		Debug|Any CPU = Debug|Any CPU
		Release|Any CPU = Release|Any CPU
	EndGlobalSection
	GlobalSection(ProjectConfigurationPlatforms) = postSolution
		{952880F3-6C9E-4A60-BA70-8C0A6CF5FCCD}.Debug|Any CPU.ActiveCfg = Debug|Any CPU
		{952880F3-6C9E-4A60-BA70-8C0A6CF5FCCD}.Debug|Any CPU.Build.0 = Debug|Any CPU
		{952880F3-6C9E-4A60-BA70-8C0A6CF5FCCD}.Release|Any CPU.ActiveCfg = Release|Any CPU
		{952880F3-6C9E-4A60-BA70-8C0A6CF5FCCD}.Release|Any CPU.Build.0 = Release|Any CPU
	EndGlobalSection
	GlobalSection(SolutionProperties) = preSolution
		HideSolutionNode = FALSE
	EndGlobalSection
EndGlobal
