
Microsoft Visual Studio Solution File, Format Version 12.00
# Visual Studio 2012
Project("{FAE04EC0-301F-11D3-BF4B-00C04F79EFBC}") = "CreateJob", "CreateJob.csproj", "{F89B4D5A-E35D-4940-950C-4559C70024BD}"
EndProject
Global
	GlobalSection(TeamFoundationVersionControl) = preSolution
		SccNumberOfProjects = 2
		SccEnterpriseProvider = {4CA58AB2-18FA-4F8D-95D4-32DDF27D184C}
		SccTeamFoundationServer = http://pstfsarr:8080/tfs/implementationservices
		SccLocalPath0 = .
		SccProjectUniqueName1 = CreateJob.csproj
		SccLocalPath1 = .
	EndGlobalSection
	GlobalSection(SolutionConfigurationPlatforms) = preSolution
		Debug|Any CPU = Debug|Any CPU
		Release|Any CPU = Release|Any CPU
	EndGlobalSection
	GlobalSection(ProjectConfigurationPlatforms) = postSolution
		{F89B4D5A-E35D-4940-950C-4559C70024BD}.Debug|Any CPU.ActiveCfg = Debug|Any CPU
		{F89B4D5A-E35D-4940-950C-4559C70024BD}.Debug|Any CPU.Build.0 = Debug|Any CPU
		{F89B4D5A-E35D-4940-950C-4559C70024BD}.Release|Any CPU.ActiveCfg = Release|Any CPU
		{F89B4D5A-E35D-4940-950C-4559C70024BD}.Release|Any CPU.Build.0 = Release|Any CPU
	EndGlobalSection
	GlobalSection(SolutionProperties) = preSolution
		HideSolutionNode = FALSE
	EndGlobalSection
EndGlobal
