
Microsoft Visual Studio Solution File, Format Version 12.00
# Visual Studio 2012
Project("{FAE04EC0-301F-11D3-BF4B-00C04F79EFBC}") = "ExecuteGPTool", "ExecuteGPTool.csproj", "{946A33B2-3696-436C-8BB3-019C6FD51691}"
EndProject
Global
	GlobalSection(TeamFoundationVersionControl) = preSolution
		SccNumberOfProjects = 2
		SccEnterpriseProvider = {4CA58AB2-18FA-4F8D-95D4-32DDF27D184C}
		SccTeamFoundationServer = http://pstfsarr:8080/tfs/implementationservices
		SccLocalPath0 = .
		SccProjectUniqueName1 = ExecuteGPTool.csproj
		SccLocalPath1 = .
	EndGlobalSection
	GlobalSection(SolutionConfigurationPlatforms) = preSolution
		Debug (server)|Any CPU = Debug (server)|Any CPU
		Debug|Any CPU = Debug|Any CPU
		Release (server)|Any CPU = Release (server)|Any CPU
		Release|Any CPU = Release|Any CPU
	EndGlobalSection
	GlobalSection(ProjectConfigurationPlatforms) = postSolution
		{946A33B2-3696-436C-8BB3-019C6FD51691}.Debug (server)|Any CPU.ActiveCfg = Debug (server)|Any CPU
		{946A33B2-3696-436C-8BB3-019C6FD51691}.Debug (server)|Any CPU.Build.0 = Debug (server)|Any CPU
		{946A33B2-3696-436C-8BB3-019C6FD51691}.Debug|Any CPU.ActiveCfg = Debug|Any CPU
		{946A33B2-3696-436C-8BB3-019C6FD51691}.Debug|Any CPU.Build.0 = Debug|Any CPU
		{946A33B2-3696-436C-8BB3-019C6FD51691}.Release (server)|Any CPU.ActiveCfg = Release (server)|Any CPU
		{946A33B2-3696-436C-8BB3-019C6FD51691}.Release (server)|Any CPU.Build.0 = Release (server)|Any CPU
		{946A33B2-3696-436C-8BB3-019C6FD51691}.Release|Any CPU.ActiveCfg = Release|Any CPU
		{946A33B2-3696-436C-8BB3-019C6FD51691}.Release|Any CPU.Build.0 = Release|Any CPU
	EndGlobalSection
	GlobalSection(SolutionProperties) = preSolution
		HideSolutionNode = FALSE
	EndGlobalSection
EndGlobal
